
Microsoft Visual Studio Solution File, Format Version 12.00
# Visual Studio 15
VisualStudioVersion = 15.0.28010.2050
MinimumVisualStudioVersion = 10.0.40219.1
Project("{2150E333-8FDC-42A3-9474-1A3956D46DE8}") = "Item02 - Autorizando o Cliente MVC", "Item02 - Autorizando o Cliente MVC", "{7EBF8D25-89C7-4962-A14B-516827396AB2}"
EndProject
Project("{9A19103F-16F7-4668-BE54-9A1E7A4F7556}") = "CasaDoCodigo.MVC", "Item02\CasaDoCodigo\CasaDoCodigo.MVC.csproj", "{789356C6-24C7-41C4-ACCD-42E2F44343EA}"
EndProject
Project("{9A19103F-16F7-4668-BE54-9A1E7A4F7556}") = "CasaDoCodigo.Identity", "Item02\CasaDoCodigo.Identity\CasaDoCodigo.Identity.csproj", "{19129A86-B71A-4298-BCF3-B85AA4852F19}"
EndProject
Project("{2150E333-8FDC-42A3-9474-1A3956D46DE8}") = "Item03 - Fluxo de Logout", "Item03 - Fluxo de Logout", "{0251DE2F-E3AC-4D3A-88A0-D7779835DF9A}"
EndProject
Project("{9A19103F-16F7-4668-BE54-9A1E7A4F7556}") = "CasaDoCodigo.MVC", "Item03\CasaDoCodigo\CasaDoCodigo.MVC.csproj", "{BBA7BA8F-E296-4653-A86D-BC49F5A6E16F}"
EndProject
Project("{9A19103F-16F7-4668-BE54-9A1E7A4F7556}") = "CasaDoCodigo.Identity", "Item03\CasaDoCodigo.Identity\CasaDoCodigo.Identity.csproj", "{881A7BB4-B8B0-4B73-A0AD-E705A37E8838}"
EndProject
Project("{2150E333-8FDC-42A3-9474-1A3956D46DE8}") = "Item04 - Pedidos de Clientes", "Item04 - Pedidos de Clientes", "{917BEDD9-1B7D-44CC-8E1B-EADA5723C012}"
EndProject
Project("{9A19103F-16F7-4668-BE54-9A1E7A4F7556}") = "CasaDoCodigo.MVC", "Item04\CasaDoCodigo\CasaDoCodigo.MVC.csproj", "{24D5D021-4EDD-4BBB-8776-1143F9F8A1F7}"
EndProject
Project("{9A19103F-16F7-4668-BE54-9A1E7A4F7556}") = "CasaDoCodigo.Identity", "Item04\CasaDoCodigo.Identity\CasaDoCodigo.Identity.csproj", "{52963ECB-6B23-431D-8199-E7FA5D958A9A}"
EndProject
Project("{2150E333-8FDC-42A3-9474-1A3956D46DE8}") = "Item05 - Autorizando WebAPI", "Item05 - Autorizando WebAPI", "{43891A1D-2793-4777-A347-017ED00F1242}"
EndProject
Project("{9A19103F-16F7-4668-BE54-9A1E7A4F7556}") = "CasaDoCodigo.MVC", "Item05\CasaDoCodigo\CasaDoCodigo.MVC.csproj", "{4EE33C6E-8C5A-46D4-B5C7-1D80D1E80EE5}"
EndProject
Project("{9A19103F-16F7-4668-BE54-9A1E7A4F7556}") = "CasaDoCodigo.Identity", "Item05\CasaDoCodigo.Identity\CasaDoCodigo.Identity.csproj", "{82F6A73A-8486-4133-ACC5-68004A29DAF7}"
EndProject
Project("{9A19103F-16F7-4668-BE54-9A1E7A4F7556}") = "CasaDoCodigo.Relatorio", "Item05\CasaDoCodigo.Relatorio\CasaDoCodigo.Relatorio.csproj", "{3E198740-109C-403E-8C89-DDF4D8E76F94}"
EndProject
Project("{2150E333-8FDC-42A3-9474-1A3956D46DE8}") = "Solution Items", "Solution Items", "{77AB357B-2536-4F99-A9AE-6FE3AA48A6C3}"
	ProjectSection(SolutionItems) = preProject
		Roteiro.md = Roteiro.md
	EndProjectSection
EndProject
Project("{2150E333-8FDC-42A3-9474-1A3956D46DE8}") = "Item01 - Criando o Projeto IdentityServer4", "Item01 - Criando o Projeto IdentityServer4", "{F12FE6DC-53C3-432D-BF42-5F6CFF598EF6}"
EndProject
Project("{9A19103F-16F7-4668-BE54-9A1E7A4F7556}") = "CasaDoCodigo.MVC", "Item01\CasaDoCodigo\CasaDoCodigo.MVC.csproj", "{7C8E8457-212D-4995-B799-E9C01E576B52}"
EndProject
Project("{2150E333-8FDC-42A3-9474-1A3956D46DE8}") = "Exercicios", "Exercicios", "{1EF3A98E-03D0-4BE7-A58B-9875CBB6BB36}"
	ProjectSection(SolutionItems) = preProject
		Exercicios.md = Exercicios.md
	EndProjectSection
EndProject
Global
	GlobalSection(SolutionConfigurationPlatforms) = preSolution
		Debug|Any CPU = Debug|Any CPU
		Release|Any CPU = Release|Any CPU
	EndGlobalSection
	GlobalSection(ProjectConfigurationPlatforms) = postSolution
		{789356C6-24C7-41C4-ACCD-42E2F44343EA}.Debug|Any CPU.ActiveCfg = Debug|Any CPU
		{789356C6-24C7-41C4-ACCD-42E2F44343EA}.Debug|Any CPU.Build.0 = Debug|Any CPU
		{789356C6-24C7-41C4-ACCD-42E2F44343EA}.Release|Any CPU.ActiveCfg = Release|Any CPU
		{789356C6-24C7-41C4-ACCD-42E2F44343EA}.Release|Any CPU.Build.0 = Release|Any CPU
		{19129A86-B71A-4298-BCF3-B85AA4852F19}.Debug|Any CPU.ActiveCfg = Debug|Any CPU
		{19129A86-B71A-4298-BCF3-B85AA4852F19}.Debug|Any CPU.Build.0 = Debug|Any CPU
		{19129A86-B71A-4298-BCF3-B85AA4852F19}.Release|Any CPU.ActiveCfg = Release|Any CPU
		{19129A86-B71A-4298-BCF3-B85AA4852F19}.Release|Any CPU.Build.0 = Release|Any CPU
		{BBA7BA8F-E296-4653-A86D-BC49F5A6E16F}.Debug|Any CPU.ActiveCfg = Debug|Any CPU
		{BBA7BA8F-E296-4653-A86D-BC49F5A6E16F}.Debug|Any CPU.Build.0 = Debug|Any CPU
		{BBA7BA8F-E296-4653-A86D-BC49F5A6E16F}.Release|Any CPU.ActiveCfg = Release|Any CPU
		{BBA7BA8F-E296-4653-A86D-BC49F5A6E16F}.Release|Any CPU.Build.0 = Release|Any CPU
		{881A7BB4-B8B0-4B73-A0AD-E705A37E8838}.Debug|Any CPU.ActiveCfg = Debug|Any CPU
		{881A7BB4-B8B0-4B73-A0AD-E705A37E8838}.Debug|Any CPU.Build.0 = Debug|Any CPU
		{881A7BB4-B8B0-4B73-A0AD-E705A37E8838}.Release|Any CPU.ActiveCfg = Release|Any CPU
		{881A7BB4-B8B0-4B73-A0AD-E705A37E8838}.Release|Any CPU.Build.0 = Release|Any CPU
		{24D5D021-4EDD-4BBB-8776-1143F9F8A1F7}.Debug|Any CPU.ActiveCfg = Debug|Any CPU
		{24D5D021-4EDD-4BBB-8776-1143F9F8A1F7}.Debug|Any CPU.Build.0 = Debug|Any CPU
		{24D5D021-4EDD-4BBB-8776-1143F9F8A1F7}.Release|Any CPU.ActiveCfg = Release|Any CPU
		{24D5D021-4EDD-4BBB-8776-1143F9F8A1F7}.Release|Any CPU.Build.0 = Release|Any CPU
		{52963ECB-6B23-431D-8199-E7FA5D958A9A}.Debug|Any CPU.ActiveCfg = Debug|Any CPU
		{52963ECB-6B23-431D-8199-E7FA5D958A9A}.Debug|Any CPU.Build.0 = Debug|Any CPU
		{52963ECB-6B23-431D-8199-E7FA5D958A9A}.Release|Any CPU.ActiveCfg = Release|Any CPU
		{52963ECB-6B23-431D-8199-E7FA5D958A9A}.Release|Any CPU.Build.0 = Release|Any CPU
		{4EE33C6E-8C5A-46D4-B5C7-1D80D1E80EE5}.Debug|Any CPU.ActiveCfg = Debug|Any CPU
		{4EE33C6E-8C5A-46D4-B5C7-1D80D1E80EE5}.Debug|Any CPU.Build.0 = Debug|Any CPU
		{4EE33C6E-8C5A-46D4-B5C7-1D80D1E80EE5}.Release|Any CPU.ActiveCfg = Release|Any CPU
		{4EE33C6E-8C5A-46D4-B5C7-1D80D1E80EE5}.Release|Any CPU.Build.0 = Release|Any CPU
		{82F6A73A-8486-4133-ACC5-68004A29DAF7}.Debug|Any CPU.ActiveCfg = Debug|Any CPU
		{82F6A73A-8486-4133-ACC5-68004A29DAF7}.Debug|Any CPU.Build.0 = Debug|Any CPU
		{82F6A73A-8486-4133-ACC5-68004A29DAF7}.Release|Any CPU.ActiveCfg = Release|Any CPU
		{82F6A73A-8486-4133-ACC5-68004A29DAF7}.Release|Any CPU.Build.0 = Release|Any CPU
		{3E198740-109C-403E-8C89-DDF4D8E76F94}.Debug|Any CPU.ActiveCfg = Debug|Any CPU
		{3E198740-109C-403E-8C89-DDF4D8E76F94}.Debug|Any CPU.Build.0 = Debug|Any CPU
		{3E198740-109C-403E-8C89-DDF4D8E76F94}.Release|Any CPU.ActiveCfg = Release|Any CPU
		{3E198740-109C-403E-8C89-DDF4D8E76F94}.Release|Any CPU.Build.0 = Release|Any CPU
		{7C8E8457-212D-4995-B799-E9C01E576B52}.Debug|Any CPU.ActiveCfg = Debug|Any CPU
		{7C8E8457-212D-4995-B799-E9C01E576B52}.Debug|Any CPU.Build.0 = Debug|Any CPU
		{7C8E8457-212D-4995-B799-E9C01E576B52}.Release|Any CPU.ActiveCfg = Release|Any CPU
		{7C8E8457-212D-4995-B799-E9C01E576B52}.Release|Any CPU.Build.0 = Release|Any CPU
	EndGlobalSection
	GlobalSection(SolutionProperties) = preSolution
		HideSolutionNode = FALSE
	EndGlobalSection
	GlobalSection(NestedProjects) = preSolution
		{789356C6-24C7-41C4-ACCD-42E2F44343EA} = {7EBF8D25-89C7-4962-A14B-516827396AB2}
		{19129A86-B71A-4298-BCF3-B85AA4852F19} = {7EBF8D25-89C7-4962-A14B-516827396AB2}
		{BBA7BA8F-E296-4653-A86D-BC49F5A6E16F} = {0251DE2F-E3AC-4D3A-88A0-D7779835DF9A}
		{881A7BB4-B8B0-4B73-A0AD-E705A37E8838} = {0251DE2F-E3AC-4D3A-88A0-D7779835DF9A}
		{24D5D021-4EDD-4BBB-8776-1143F9F8A1F7} = {917BEDD9-1B7D-44CC-8E1B-EADA5723C012}
		{52963ECB-6B23-431D-8199-E7FA5D958A9A} = {917BEDD9-1B7D-44CC-8E1B-EADA5723C012}
		{4EE33C6E-8C5A-46D4-B5C7-1D80D1E80EE5} = {43891A1D-2793-4777-A347-017ED00F1242}
		{82F6A73A-8486-4133-ACC5-68004A29DAF7} = {43891A1D-2793-4777-A347-017ED00F1242}
		{3E198740-109C-403E-8C89-DDF4D8E76F94} = {43891A1D-2793-4777-A347-017ED00F1242}
		{7C8E8457-212D-4995-B799-E9C01E576B52} = {F12FE6DC-53C3-432D-BF42-5F6CFF598EF6}
	EndGlobalSection
	GlobalSection(ExtensibilityGlobals) = postSolution
		SolutionGuid = {20E41BAB-D5FC-4044-B5CE-6E66ACD13B35}
	EndGlobalSection
EndGlobal
