
Microsoft Visual Studio Solution File, Format Version 12.00
# Visual Studio 15
VisualStudioVersion = 15.0.28010.2050
MinimumVisualStudioVersion = 10.0.40219.1
Project("{2150E333-8FDC-42A3-9474-1A3956D46DE8}") = "depois", "depois", "{573C10E8-C03D-448F-AA44-7772766FA322}"
EndProject
Project("{2150E333-8FDC-42A3-9474-1A3956D46DE8}") = "antes", "antes", "{3E418209-2ACE-49D8-B8F7-D192AFD2546D}"
EndProject
Project("{9A19103F-16F7-4668-BE54-9A1E7A4F7556}") = "CasaDoCodigo", "antes\CasaDoCodigo\CasaDoCodigo.csproj", "{5D35C4F1-F53A-465D-B429-2EFB2FCAEC07}"
EndProject
Project("{9A19103F-16F7-4668-BE54-9A1E7A4F7556}") = "CasaDoCodigo.MVC", "depois\CasaDoCodigo\CasaDoCodigo.MVC.csproj", "{1B4C9684-46FD-4133-93D4-D667630DF20C}"
EndProject
Project("{9A19103F-16F7-4668-BE54-9A1E7A4F7556}") = "CasaDoCodigo.Identity", "depois\CasaDoCodigo.Identity\CasaDoCodigo.Identity.csproj", "{2C3CE09A-DBFE-4748-82CC-0AB04137970C}"
EndProject
Project("{2150E333-8FDC-42A3-9474-1A3956D46DE8}") = "Item01 - Criando o Projeto IdentityServer4", "Item01 - Criando o Projeto IdentityServer4", "{DD362FF8-163A-4195-88C0-F52E81F281D3}"
	ProjectSection(SolutionItems) = preProject
		Readme.md = Readme.md
		Item05\CasaDoCodigo.Relatorio\Startup.cs = Item05\CasaDoCodigo.Relatorio\Startup.cs
	EndProjectSection
EndProject
Project("{9A19103F-16F7-4668-BE54-9A1E7A4F7556}") = "CasaDoCodigo.MVC", "Item01\CasaDoCodigo\CasaDoCodigo.MVC.csproj", "{0A5BFD38-4CAE-432A-997D-CEFFDCAA1AA9}"
EndProject
Project("{9A19103F-16F7-4668-BE54-9A1E7A4F7556}") = "CasaDoCodigo.Identity", "Item01\CasaDoCodigo.Identity\CasaDoCodigo.Identity.csproj", "{E3872969-8CB7-4B5A-B557-F4EC898D8A4E}"
EndProject
Project("{2150E333-8FDC-42A3-9474-1A3956D46DE8}") = "Item02 - Autorizando o Cliente MVC", "Item02 - Autorizando o Cliente MVC", "{7EBF8D25-89C7-4962-A14B-516827396AB2}"
EndProject
Project("{9A19103F-16F7-4668-BE54-9A1E7A4F7556}") = "CasaDoCodigo.MVC", "Item02\CasaDoCodigo\CasaDoCodigo.MVC.csproj", "{789356C6-24C7-41C4-ACCD-42E2F44343EA}"
EndProject
Project("{9A19103F-16F7-4668-BE54-9A1E7A4F7556}") = "CasaDoCodigo.Identity", "Item02\CasaDoCodigo.Identity\CasaDoCodigo.Identity.csproj", "{19129A86-B71A-4298-BCF3-B85AA4852F19}"
EndProject
Project("{2150E333-8FDC-42A3-9474-1A3956D46DE8}") = "Item03 - Fluxo de Logout", "Item03 - Fluxo de Logout", "{0251DE2F-E3AC-4D3A-88A0-D7779835DF9A}"
EndProject
Project("{9A19103F-16F7-4668-BE54-9A1E7A4F7556}") = "CasaDoCodigo.MVC", "Item03\CasaDoCodigo\CasaDoCodigo.MVC.csproj", "{BBA7BA8F-E296-4653-A86D-BC49F5A6E16F}"
EndProject
Project("{9A19103F-16F7-4668-BE54-9A1E7A4F7556}") = "CasaDoCodigo.Identity", "Item03\CasaDoCodigo.Identity\CasaDoCodigo.Identity.csproj", "{881A7BB4-B8B0-4B73-A0AD-E705A37E8838}"
EndProject
Project("{2150E333-8FDC-42A3-9474-1A3956D46DE8}") = "Item04 - Pedidos de Clientes", "Item04 - Pedidos de Clientes", "{917BEDD9-1B7D-44CC-8E1B-EADA5723C012}"
EndProject
Project("{9A19103F-16F7-4668-BE54-9A1E7A4F7556}") = "CasaDoCodigo.MVC", "Item04\CasaDoCodigo\CasaDoCodigo.MVC.csproj", "{24D5D021-4EDD-4BBB-8776-1143F9F8A1F7}"
EndProject
Project("{9A19103F-16F7-4668-BE54-9A1E7A4F7556}") = "CasaDoCodigo.Identity", "Item04\CasaDoCodigo.Identity\CasaDoCodigo.Identity.csproj", "{52963ECB-6B23-431D-8199-E7FA5D958A9A}"
EndProject
Project("{2150E333-8FDC-42A3-9474-1A3956D46DE8}") = "Item05 - Autorizando WebAPI", "Item05 - Autorizando WebAPI", "{43891A1D-2793-4777-A347-017ED00F1242}"
EndProject
Project("{9A19103F-16F7-4668-BE54-9A1E7A4F7556}") = "CasaDoCodigo.MVC", "Item05\CasaDoCodigo\CasaDoCodigo.MVC.csproj", "{4EE33C6E-8C5A-46D4-B5C7-1D80D1E80EE5}"
EndProject
Project("{9A19103F-16F7-4668-BE54-9A1E7A4F7556}") = "CasaDoCodigo.Identity", "Item05\CasaDoCodigo.Identity\CasaDoCodigo.Identity.csproj", "{82F6A73A-8486-4133-ACC5-68004A29DAF7}"
EndProject
Project("{9A19103F-16F7-4668-BE54-9A1E7A4F7556}") = "CasaDoCodigo.Relatorio", "Item05\CasaDoCodigo.Relatorio\CasaDoCodigo.Relatorio.csproj", "{3E198740-109C-403E-8C89-DDF4D8E76F94}"
EndProject
Global
	GlobalSection(SolutionConfigurationPlatforms) = preSolution
		Debug|Any CPU = Debug|Any CPU
		Release|Any CPU = Release|Any CPU
	EndGlobalSection
	GlobalSection(ProjectConfigurationPlatforms) = postSolution
		{5D35C4F1-F53A-465D-B429-2EFB2FCAEC07}.Debug|Any CPU.ActiveCfg = Debug|Any CPU
		{5D35C4F1-F53A-465D-B429-2EFB2FCAEC07}.Debug|Any CPU.Build.0 = Debug|Any CPU
		{5D35C4F1-F53A-465D-B429-2EFB2FCAEC07}.Release|Any CPU.ActiveCfg = Release|Any CPU
		{5D35C4F1-F53A-465D-B429-2EFB2FCAEC07}.Release|Any CPU.Build.0 = Release|Any CPU
		{1B4C9684-46FD-4133-93D4-D667630DF20C}.Debug|Any CPU.ActiveCfg = Debug|Any CPU
		{1B4C9684-46FD-4133-93D4-D667630DF20C}.Debug|Any CPU.Build.0 = Debug|Any CPU
		{1B4C9684-46FD-4133-93D4-D667630DF20C}.Release|Any CPU.ActiveCfg = Release|Any CPU
		{1B4C9684-46FD-4133-93D4-D667630DF20C}.Release|Any CPU.Build.0 = Release|Any CPU
		{2C3CE09A-DBFE-4748-82CC-0AB04137970C}.Debug|Any CPU.ActiveCfg = Debug|Any CPU
		{2C3CE09A-DBFE-4748-82CC-0AB04137970C}.Debug|Any CPU.Build.0 = Debug|Any CPU
		{2C3CE09A-DBFE-4748-82CC-0AB04137970C}.Release|Any CPU.ActiveCfg = Release|Any CPU
		{2C3CE09A-DBFE-4748-82CC-0AB04137970C}.Release|Any CPU.Build.0 = Release|Any CPU
		{0A5BFD38-4CAE-432A-997D-CEFFDCAA1AA9}.Debug|Any CPU.ActiveCfg = Debug|Any CPU
		{0A5BFD38-4CAE-432A-997D-CEFFDCAA1AA9}.Debug|Any CPU.Build.0 = Debug|Any CPU
		{0A5BFD38-4CAE-432A-997D-CEFFDCAA1AA9}.Release|Any CPU.ActiveCfg = Release|Any CPU
		{0A5BFD38-4CAE-432A-997D-CEFFDCAA1AA9}.Release|Any CPU.Build.0 = Release|Any CPU
		{E3872969-8CB7-4B5A-B557-F4EC898D8A4E}.Debug|Any CPU.ActiveCfg = Debug|Any CPU
		{E3872969-8CB7-4B5A-B557-F4EC898D8A4E}.Debug|Any CPU.Build.0 = Debug|Any CPU
		{E3872969-8CB7-4B5A-B557-F4EC898D8A4E}.Release|Any CPU.ActiveCfg = Release|Any CPU
		{E3872969-8CB7-4B5A-B557-F4EC898D8A4E}.Release|Any CPU.Build.0 = Release|Any CPU
		{789356C6-24C7-41C4-ACCD-42E2F44343EA}.Debug|Any CPU.ActiveCfg = Debug|Any CPU
		{789356C6-24C7-41C4-ACCD-42E2F44343EA}.Debug|Any CPU.Build.0 = Debug|Any CPU
		{789356C6-24C7-41C4-ACCD-42E2F44343EA}.Release|Any CPU.ActiveCfg = Release|Any CPU
		{789356C6-24C7-41C4-ACCD-42E2F44343EA}.Release|Any CPU.Build.0 = Release|Any CPU
		{19129A86-B71A-4298-BCF3-B85AA4852F19}.Debug|Any CPU.ActiveCfg = Debug|Any CPU
		{19129A86-B71A-4298-BCF3-B85AA4852F19}.Debug|Any CPU.Build.0 = Debug|Any CPU
		{19129A86-B71A-4298-BCF3-B85AA4852F19}.Release|Any CPU.ActiveCfg = Release|Any CPU
		{19129A86-B71A-4298-BCF3-B85AA4852F19}.Release|Any CPU.Build.0 = Release|Any CPU
		{BBA7BA8F-E296-4653-A86D-BC49F5A6E16F}.Debug|Any CPU.ActiveCfg = Debug|Any CPU
		{BBA7BA8F-E296-4653-A86D-BC49F5A6E16F}.Debug|Any CPU.Build.0 = Debug|Any CPU
		{BBA7BA8F-E296-4653-A86D-BC49F5A6E16F}.Release|Any CPU.ActiveCfg = Release|Any CPU
		{BBA7BA8F-E296-4653-A86D-BC49F5A6E16F}.Release|Any CPU.Build.0 = Release|Any CPU
		{881A7BB4-B8B0-4B73-A0AD-E705A37E8838}.Debug|Any CPU.ActiveCfg = Debug|Any CPU
		{881A7BB4-B8B0-4B73-A0AD-E705A37E8838}.Debug|Any CPU.Build.0 = Debug|Any CPU
		{881A7BB4-B8B0-4B73-A0AD-E705A37E8838}.Release|Any CPU.ActiveCfg = Release|Any CPU
		{881A7BB4-B8B0-4B73-A0AD-E705A37E8838}.Release|Any CPU.Build.0 = Release|Any CPU
		{24D5D021-4EDD-4BBB-8776-1143F9F8A1F7}.Debug|Any CPU.ActiveCfg = Debug|Any CPU
		{24D5D021-4EDD-4BBB-8776-1143F9F8A1F7}.Debug|Any CPU.Build.0 = Debug|Any CPU
		{24D5D021-4EDD-4BBB-8776-1143F9F8A1F7}.Release|Any CPU.ActiveCfg = Release|Any CPU
		{24D5D021-4EDD-4BBB-8776-1143F9F8A1F7}.Release|Any CPU.Build.0 = Release|Any CPU
		{52963ECB-6B23-431D-8199-E7FA5D958A9A}.Debug|Any CPU.ActiveCfg = Debug|Any CPU
		{52963ECB-6B23-431D-8199-E7FA5D958A9A}.Debug|Any CPU.Build.0 = Debug|Any CPU
		{52963ECB-6B23-431D-8199-E7FA5D958A9A}.Release|Any CPU.ActiveCfg = Release|Any CPU
		{52963ECB-6B23-431D-8199-E7FA5D958A9A}.Release|Any CPU.Build.0 = Release|Any CPU
		{4EE33C6E-8C5A-46D4-B5C7-1D80D1E80EE5}.Debug|Any CPU.ActiveCfg = Debug|Any CPU
		{4EE33C6E-8C5A-46D4-B5C7-1D80D1E80EE5}.Debug|Any CPU.Build.0 = Debug|Any CPU
		{4EE33C6E-8C5A-46D4-B5C7-1D80D1E80EE5}.Release|Any CPU.ActiveCfg = Release|Any CPU
		{4EE33C6E-8C5A-46D4-B5C7-1D80D1E80EE5}.Release|Any CPU.Build.0 = Release|Any CPU
		{82F6A73A-8486-4133-ACC5-68004A29DAF7}.Debug|Any CPU.ActiveCfg = Debug|Any CPU
		{82F6A73A-8486-4133-ACC5-68004A29DAF7}.Debug|Any CPU.Build.0 = Debug|Any CPU
		{82F6A73A-8486-4133-ACC5-68004A29DAF7}.Release|Any CPU.ActiveCfg = Release|Any CPU
		{82F6A73A-8486-4133-ACC5-68004A29DAF7}.Release|Any CPU.Build.0 = Release|Any CPU
		{3E198740-109C-403E-8C89-DDF4D8E76F94}.Debug|Any CPU.ActiveCfg = Debug|Any CPU
		{3E198740-109C-403E-8C89-DDF4D8E76F94}.Debug|Any CPU.Build.0 = Debug|Any CPU
		{3E198740-109C-403E-8C89-DDF4D8E76F94}.Release|Any CPU.ActiveCfg = Release|Any CPU
		{3E198740-109C-403E-8C89-DDF4D8E76F94}.Release|Any CPU.Build.0 = Release|Any CPU
	EndGlobalSection
	GlobalSection(SolutionProperties) = preSolution
		HideSolutionNode = FALSE
	EndGlobalSection
	GlobalSection(NestedProjects) = preSolution
		{5D35C4F1-F53A-465D-B429-2EFB2FCAEC07} = {3E418209-2ACE-49D8-B8F7-D192AFD2546D}
		{1B4C9684-46FD-4133-93D4-D667630DF20C} = {573C10E8-C03D-448F-AA44-7772766FA322}
		{2C3CE09A-DBFE-4748-82CC-0AB04137970C} = {573C10E8-C03D-448F-AA44-7772766FA322}
		{0A5BFD38-4CAE-432A-997D-CEFFDCAA1AA9} = {DD362FF8-163A-4195-88C0-F52E81F281D3}
		{E3872969-8CB7-4B5A-B557-F4EC898D8A4E} = {DD362FF8-163A-4195-88C0-F52E81F281D3}
		{789356C6-24C7-41C4-ACCD-42E2F44343EA} = {7EBF8D25-89C7-4962-A14B-516827396AB2}
		{19129A86-B71A-4298-BCF3-B85AA4852F19} = {7EBF8D25-89C7-4962-A14B-516827396AB2}
		{BBA7BA8F-E296-4653-A86D-BC49F5A6E16F} = {0251DE2F-E3AC-4D3A-88A0-D7779835DF9A}
		{881A7BB4-B8B0-4B73-A0AD-E705A37E8838} = {0251DE2F-E3AC-4D3A-88A0-D7779835DF9A}
		{24D5D021-4EDD-4BBB-8776-1143F9F8A1F7} = {917BEDD9-1B7D-44CC-8E1B-EADA5723C012}
		{52963ECB-6B23-431D-8199-E7FA5D958A9A} = {917BEDD9-1B7D-44CC-8E1B-EADA5723C012}
		{4EE33C6E-8C5A-46D4-B5C7-1D80D1E80EE5} = {43891A1D-2793-4777-A347-017ED00F1242}
		{82F6A73A-8486-4133-ACC5-68004A29DAF7} = {43891A1D-2793-4777-A347-017ED00F1242}
		{3E198740-109C-403E-8C89-DDF4D8E76F94} = {43891A1D-2793-4777-A347-017ED00F1242}
	EndGlobalSection
	GlobalSection(ExtensibilityGlobals) = postSolution
		SolutionGuid = {20E41BAB-D5FC-4044-B5CE-6E66ACD13B35}
	EndGlobalSection
EndGlobal
